// !$*UTF8*$!
{
	archiveVersion = 1;
	classes = {
	};
	objectVersion = 56;
	objects = {

/* Begin PBXBuildFile section */
		115815892990145C0043442F /* WelcomePageViewController.swift in Sources */ = {isa = PBXBuildFile; fileRef = 115815872990145C0043442F /* WelcomePageViewController.swift */; };
		1158158A2990145C0043442F /* WelcomePageViewController.xib in Resources */ = {isa = PBXBuildFile; fileRef = 115815882990145C0043442F /* WelcomePageViewController.xib */; };
		1194D66B297808C0001E51BC /* AppDelegate.swift in Sources */ = {isa = PBXBuildFile; fileRef = 1194D66A297808C0001E51BC /* AppDelegate.swift */; };
		1194D66D297808C0001E51BC /* SceneDelegate.swift in Sources */ = {isa = PBXBuildFile; fileRef = 1194D66C297808C0001E51BC /* SceneDelegate.swift */; };
		1194D674297808C3001E51BC /* Assets.xcassets in Resources */ = {isa = PBXBuildFile; fileRef = 1194D673297808C3001E51BC /* Assets.xcassets */; };
		1194D677297808C3001E51BC /* LaunchScreen.storyboard in Resources */ = {isa = PBXBuildFile; fileRef = 1194D675297808C3001E51BC /* LaunchScreen.storyboard */; };
		1194D68529780C0C001E51BC /* MainViewController.swift in Sources */ = {isa = PBXBuildFile; fileRef = 1194D68329780C0C001E51BC /* MainViewController.swift */; };
		1194D68629780C0C001E51BC /* MainViewController.xib in Resources */ = {isa = PBXBuildFile; fileRef = 1194D68429780C0C001E51BC /* MainViewController.xib */; };
		1194D68A29780C5B001E51BC /* ChatViewController.swift in Sources */ = {isa = PBXBuildFile; fileRef = 1194D68829780C5B001E51BC /* ChatViewController.swift */; };
		1194D68B29780C5B001E51BC /* ChatViewController.xib in Resources */ = {isa = PBXBuildFile; fileRef = 1194D68929780C5B001E51BC /* ChatViewController.xib */; };
		1194D69629780C9D001E51BC /* ProfileViewController.swift in Sources */ = {isa = PBXBuildFile; fileRef = 1194D69429780C9D001E51BC /* ProfileViewController.swift */; };
		1194D69729780C9D001E51BC /* ProfileViewController.xib in Resources */ = {isa = PBXBuildFile; fileRef = 1194D69529780C9D001E51BC /* ProfileViewController.xib */; };
		1194D69A29780E50001E51BC /* TabBar.swift in Sources */ = {isa = PBXBuildFile; fileRef = 1194D69929780E50001E51BC /* TabBar.swift */; };
		11A09ABA2985C7710006767B /* ProfileInfoEnum.swift in Sources */ = {isa = PBXBuildFile; fileRef = 11A09AB92985C7710006767B /* ProfileInfoEnum.swift */; };
		11A09AC22985C8CD0006767B /* LocationTableViewCell.swift in Sources */ = {isa = PBXBuildFile; fileRef = 11A09AC02985C8CD0006767B /* LocationTableViewCell.swift */; };
		11A09AC32985C8CD0006767B /* LocationTableViewCell.xib in Resources */ = {isa = PBXBuildFile; fileRef = 11A09AC12985C8CD0006767B /* LocationTableViewCell.xib */; };
		11A09AC62985C8E90006767B /* AchievementTableViewCell.swift in Sources */ = {isa = PBXBuildFile; fileRef = 11A09AC42985C8E90006767B /* AchievementTableViewCell.swift */; };
		11A09AC72985C8E90006767B /* AchievementTableViewCell.xib in Resources */ = {isa = PBXBuildFile; fileRef = 11A09AC52985C8E90006767B /* AchievementTableViewCell.xib */; };
		11A09ACA2985C9020006767B /* OwnerTableViewCell.swift in Sources */ = {isa = PBXBuildFile; fileRef = 11A09AC82985C9020006767B /* OwnerTableViewCell.swift */; };
		11A09ACB2985C9020006767B /* OwnerTableViewCell.xib in Resources */ = {isa = PBXBuildFile; fileRef = 11A09AC92985C9020006767B /* OwnerTableViewCell.xib */; };
		11A09ACE2985C9150006767B /* InformationTableViewCell.swift in Sources */ = {isa = PBXBuildFile; fileRef = 11A09ACC2985C9150006767B /* InformationTableViewCell.swift */; };
		11A09ACF2985C9150006767B /* InformationTableViewCell.xib in Resources */ = {isa = PBXBuildFile; fileRef = 11A09ACD2985C9150006767B /* InformationTableViewCell.xib */; };
		11BDAD262985E03400ACC21D /* AchievementCollectionViewCell.swift in Sources */ = {isa = PBXBuildFile; fileRef = 11BDAD242985E03400ACC21D /* AchievementCollectionViewCell.swift */; };
		11BDAD272985E03400ACC21D /* AchievementCollectionViewCell.xib in Resources */ = {isa = PBXBuildFile; fileRef = 11BDAD252985E03400ACC21D /* AchievementCollectionViewCell.xib */; };
		11E99CAA2989B9C40072D357 /* LoginViewController.swift in Sources */ = {isa = PBXBuildFile; fileRef = 11E99CA82989B9C40072D357 /* LoginViewController.swift */; };
		11E99CAB2989B9C40072D357 /* LoginViewController.xib in Resources */ = {isa = PBXBuildFile; fileRef = 11E99CA92989B9C40072D357 /* LoginViewController.xib */; };
		11E99CB1298AD3610072D357 /* GoogleService-Info.plist in Resources */ = {isa = PBXBuildFile; fileRef = 11E99CB0298AD3610072D357 /* GoogleService-Info.plist */; };
		11E99CB5298AD9680072D357 /* RegistrationViewController.swift in Sources */ = {isa = PBXBuildFile; fileRef = 11E99CB3298AD9680072D357 /* RegistrationViewController.swift */; };
		11E99CB6298AD9680072D357 /* RegistrationViewController.xib in Resources */ = {isa = PBXBuildFile; fileRef = 11E99CB4298AD9680072D357 /* RegistrationViewController.xib */; };
		BB591EA178E38A52DA5BD5FE /* Pods_CoupleAnimal.framework in Frameworks */ = {isa = PBXBuildFile; fileRef = A696402DD3F96298B32CFAA6 /* Pods_CoupleAnimal.framework */; };
/* End PBXBuildFile section */

/* Begin PBXFileReference section */
		115815872990145C0043442F /* WelcomePageViewController.swift */ = {isa = PBXFileReference; lastKnownFileType = sourcecode.swift; path = WelcomePageViewController.swift; sourceTree = "<group>"; };
		115815882990145C0043442F /* WelcomePageViewController.xib */ = {isa = PBXFileReference; lastKnownFileType = file.xib; path = WelcomePageViewController.xib; sourceTree = "<group>"; };
		1194D667297808C0001E51BC /* CoupleAnimal.app */ = {isa = PBXFileReference; explicitFileType = wrapper.application; includeInIndex = 0; path = CoupleAnimal.app; sourceTree = BUILT_PRODUCTS_DIR; };
		1194D66A297808C0001E51BC /* AppDelegate.swift */ = {isa = PBXFileReference; lastKnownFileType = sourcecode.swift; path = AppDelegate.swift; sourceTree = "<group>"; };
		1194D66C297808C0001E51BC /* SceneDelegate.swift */ = {isa = PBXFileReference; lastKnownFileType = sourcecode.swift; path = SceneDelegate.swift; sourceTree = "<group>"; };
		1194D673297808C3001E51BC /* Assets.xcassets */ = {isa = PBXFileReference; lastKnownFileType = folder.assetcatalog; path = Assets.xcassets; sourceTree = "<group>"; };
		1194D676297808C3001E51BC /* Base */ = {isa = PBXFileReference; lastKnownFileType = file.storyboard; name = Base; path = Base.lproj/LaunchScreen.storyboard; sourceTree = "<group>"; };
		1194D678297808C3001E51BC /* Info.plist */ = {isa = PBXFileReference; lastKnownFileType = text.plist.xml; path = Info.plist; sourceTree = "<group>"; };
		1194D68329780C0C001E51BC /* MainViewController.swift */ = {isa = PBXFileReference; lastKnownFileType = sourcecode.swift; path = MainViewController.swift; sourceTree = "<group>"; };
		1194D68429780C0C001E51BC /* MainViewController.xib */ = {isa = PBXFileReference; lastKnownFileType = file.xib; path = MainViewController.xib; sourceTree = "<group>"; };
		1194D68829780C5B001E51BC /* ChatViewController.swift */ = {isa = PBXFileReference; lastKnownFileType = sourcecode.swift; path = ChatViewController.swift; sourceTree = "<group>"; };
		1194D68929780C5B001E51BC /* ChatViewController.xib */ = {isa = PBXFileReference; lastKnownFileType = file.xib; path = ChatViewController.xib; sourceTree = "<group>"; };
		1194D69429780C9D001E51BC /* ProfileViewController.swift */ = {isa = PBXFileReference; lastKnownFileType = sourcecode.swift; path = ProfileViewController.swift; sourceTree = "<group>"; };
		1194D69529780C9D001E51BC /* ProfileViewController.xib */ = {isa = PBXFileReference; lastKnownFileType = file.xib; path = ProfileViewController.xib; sourceTree = "<group>"; };
		1194D69929780E50001E51BC /* TabBar.swift */ = {isa = PBXFileReference; lastKnownFileType = sourcecode.swift; path = TabBar.swift; sourceTree = "<group>"; };
		11A09AB92985C7710006767B /* ProfileInfoEnum.swift */ = {isa = PBXFileReference; lastKnownFileType = sourcecode.swift; path = ProfileInfoEnum.swift; sourceTree = "<group>"; };
		11A09AC02985C8CD0006767B /* LocationTableViewCell.swift */ = {isa = PBXFileReference; lastKnownFileType = sourcecode.swift; path = LocationTableViewCell.swift; sourceTree = "<group>"; };
		11A09AC12985C8CD0006767B /* LocationTableViewCell.xib */ = {isa = PBXFileReference; lastKnownFileType = file.xib; path = LocationTableViewCell.xib; sourceTree = "<group>"; };
		11A09AC42985C8E90006767B /* AchievementTableViewCell.swift */ = {isa = PBXFileReference; lastKnownFileType = sourcecode.swift; path = AchievementTableViewCell.swift; sourceTree = "<group>"; };
		11A09AC52985C8E90006767B /* AchievementTableViewCell.xib */ = {isa = PBXFileReference; lastKnownFileType = file.xib; path = AchievementTableViewCell.xib; sourceTree = "<group>"; };
		11A09AC82985C9020006767B /* OwnerTableViewCell.swift */ = {isa = PBXFileReference; lastKnownFileType = sourcecode.swift; path = OwnerTableViewCell.swift; sourceTree = "<group>"; };
		11A09AC92985C9020006767B /* OwnerTableViewCell.xib */ = {isa = PBXFileReference; lastKnownFileType = file.xib; path = OwnerTableViewCell.xib; sourceTree = "<group>"; };
		11A09ACC2985C9150006767B /* InformationTableViewCell.swift */ = {isa = PBXFileReference; lastKnownFileType = sourcecode.swift; path = InformationTableViewCell.swift; sourceTree = "<group>"; };
		11A09ACD2985C9150006767B /* InformationTableViewCell.xib */ = {isa = PBXFileReference; lastKnownFileType = file.xib; path = InformationTableViewCell.xib; sourceTree = "<group>"; };
		11BDAD242985E03400ACC21D /* AchievementCollectionViewCell.swift */ = {isa = PBXFileReference; lastKnownFileType = sourcecode.swift; path = AchievementCollectionViewCell.swift; sourceTree = "<group>"; };
		11BDAD252985E03400ACC21D /* AchievementCollectionViewCell.xib */ = {isa = PBXFileReference; lastKnownFileType = file.xib; path = AchievementCollectionViewCell.xib; sourceTree = "<group>"; };
		11E99CA82989B9C40072D357 /* LoginViewController.swift */ = {isa = PBXFileReference; lastKnownFileType = sourcecode.swift; path = LoginViewController.swift; sourceTree = "<group>"; };
		11E99CA92989B9C40072D357 /* LoginViewController.xib */ = {isa = PBXFileReference; lastKnownFileType = file.xib; path = LoginViewController.xib; sourceTree = "<group>"; };
		11E99CB0298AD3610072D357 /* GoogleService-Info.plist */ = {isa = PBXFileReference; fileEncoding = 4; lastKnownFileType = text.plist.xml; path = "GoogleService-Info.plist"; sourceTree = "<group>"; };
		11E99CB3298AD9680072D357 /* RegistrationViewController.swift */ = {isa = PBXFileReference; lastKnownFileType = sourcecode.swift; path = RegistrationViewController.swift; sourceTree = "<group>"; };
		11E99CB4298AD9680072D357 /* RegistrationViewController.xib */ = {isa = PBXFileReference; lastKnownFileType = file.xib; path = RegistrationViewController.xib; sourceTree = "<group>"; };
		8C49145377A8B626719ADD2B /* Pods-CoupleAnimal.debug.xcconfig */ = {isa = PBXFileReference; includeInIndex = 1; lastKnownFileType = text.xcconfig; name = "Pods-CoupleAnimal.debug.xcconfig"; path = "Target Support Files/Pods-CoupleAnimal/Pods-CoupleAnimal.debug.xcconfig"; sourceTree = "<group>"; };
		9851C5B576BE1E7512D8E621 /* Pods-CoupleAnimal.release.xcconfig */ = {isa = PBXFileReference; includeInIndex = 1; lastKnownFileType = text.xcconfig; name = "Pods-CoupleAnimal.release.xcconfig"; path = "Target Support Files/Pods-CoupleAnimal/Pods-CoupleAnimal.release.xcconfig"; sourceTree = "<group>"; };
		A696402DD3F96298B32CFAA6 /* Pods_CoupleAnimal.framework */ = {isa = PBXFileReference; explicitFileType = wrapper.framework; includeInIndex = 0; path = Pods_CoupleAnimal.framework; sourceTree = BUILT_PRODUCTS_DIR; };
/* End PBXFileReference section */

/* Begin PBXFrameworksBuildPhase section */
		1194D664297808C0001E51BC /* Frameworks */ = {
			isa = PBXFrameworksBuildPhase;
			buildActionMask = 2147483647;
			files = (
				BB591EA178E38A52DA5BD5FE /* Pods_CoupleAnimal.framework in Frameworks */,
			);
			runOnlyForDeploymentPostprocessing = 0;
		};
/* End PBXFrameworksBuildPhase section */

/* Begin PBXGroup section */
		115815862990143E0043442F /* WelcomePageViewController */ = {
			isa = PBXGroup;
			children = (
				115815872990145C0043442F /* WelcomePageViewController.swift */,
				115815882990145C0043442F /* WelcomePageViewController.xib */,
			);
			path = WelcomePageViewController;
			sourceTree = "<group>";
		};
		11782B93297D2E3100A89433 /* Profile */ = {
			isa = PBXGroup;
			children = (
				1194D69429780C9D001E51BC /* ProfileViewController.swift */,
				1194D69529780C9D001E51BC /* ProfileViewController.xib */,
			);
			path = Profile;
			sourceTree = "<group>";
		};
		1194D65E297808C0001E51BC = {
			isa = PBXGroup;
			children = (
				1194D669297808C0001E51BC /* CoupleAnimal */,
				1194D668297808C0001E51BC /* Products */,
				B6DC408A88D5B018705114BC /* Pods */,
				B22B1D052A603CE630A0CA29 /* Frameworks */,
			);
			sourceTree = "<group>";
		};
		1194D668297808C0001E51BC /* Products */ = {
			isa = PBXGroup;
			children = (
				1194D667297808C0001E51BC /* CoupleAnimal.app */,
			);
			name = Products;
			sourceTree = "<group>";
		};
		1194D669297808C0001E51BC /* CoupleAnimal */ = {
			isa = PBXGroup;
			children = (
				11A09AB72985C71F0006767B /* Enums */,
				1194D69829780E37001E51BC /* TabBarController */,
				1194D68729780C3E001E51BC /* Controllers */,
				1194D66A297808C0001E51BC /* AppDelegate.swift */,
				1194D66C297808C0001E51BC /* SceneDelegate.swift */,
				11E99CB0298AD3610072D357 /* GoogleService-Info.plist */,
				1194D673297808C3001E51BC /* Assets.xcassets */,
				1194D675297808C3001E51BC /* LaunchScreen.storyboard */,
				1194D678297808C3001E51BC /* Info.plist */,
			);
			path = CoupleAnimal;
			sourceTree = "<group>";
		};
		1194D67E29780B4E001E51BC /* ProfileViewController */ = {
			isa = PBXGroup;
			children = (
				11A09ABB2985C8270006767B /* Cells */,
				11782B93297D2E3100A89433 /* Profile */,
			);
			path = ProfileViewController;
			sourceTree = "<group>";
		};
		1194D68129780BA8001E51BC /* ChatViewController */ = {
			isa = PBXGroup;
			children = (
				1194D68829780C5B001E51BC /* ChatViewController.swift */,
				1194D68929780C5B001E51BC /* ChatViewController.xib */,
			);
			path = ChatViewController;
			sourceTree = "<group>";
		};
		1194D68229780BB9001E51BC /* MainViewController */ = {
			isa = PBXGroup;
			children = (
				1194D68329780C0C001E51BC /* MainViewController.swift */,
				1194D68429780C0C001E51BC /* MainViewController.xib */,
			);
			path = MainViewController;
			sourceTree = "<group>";
		};
		1194D68729780C3E001E51BC /* Controllers */ = {
			isa = PBXGroup;
			children = (
				115815862990143E0043442F /* WelcomePageViewController */,
				11E99CB2298AD9450072D357 /* RegistrationViewController */,
				11E99CA72989B9A30072D357 /* LoginViewController */,
				1194D67E29780B4E001E51BC /* ProfileViewController */,
				1194D68129780BA8001E51BC /* ChatViewController */,
				1194D68229780BB9001E51BC /* MainViewController */,
			);
			path = Controllers;
			sourceTree = "<group>";
		};
		1194D69829780E37001E51BC /* TabBarController */ = {
			isa = PBXGroup;
			children = (
				1194D69929780E50001E51BC /* TabBar.swift */,
			);
			path = TabBarController;
			sourceTree = "<group>";
		};
		11A09AB72985C71F0006767B /* Enums */ = {
			isa = PBXGroup;
			children = (
				11A09AB82985C7470006767B /* ProfileInfoEnum */,
			);
			path = Enums;
			sourceTree = "<group>";
		};
		11A09AB82985C7470006767B /* ProfileInfoEnum */ = {
			isa = PBXGroup;
			children = (
				11A09AB92985C7710006767B /* ProfileInfoEnum.swift */,
			);
			path = ProfileInfoEnum;
			sourceTree = "<group>";
		};
		11A09ABB2985C8270006767B /* Cells */ = {
			isa = PBXGroup;
			children = (
				11BDAD232985E00100ACC21D /* AchievementCollectionViewCell */,
				11A09ABF2985C89D0006767B /* InformationCell */,
				11A09ABE2985C88D0006767B /* OwnerCell */,
				11A09ABD2985C8640006767B /* AchievementCell */,
				11A09ABC2985C8340006767B /* LocationCell */,
			);
			path = Cells;
			sourceTree = "<group>";
		};
		11A09ABC2985C8340006767B /* LocationCell */ = {
			isa = PBXGroup;
			children = (
				11A09AC02985C8CD0006767B /* LocationTableViewCell.swift */,
				11A09AC12985C8CD0006767B /* LocationTableViewCell.xib */,
			);
			path = LocationCell;
			sourceTree = "<group>";
		};
		11A09ABD2985C8640006767B /* AchievementCell */ = {
			isa = PBXGroup;
			children = (
				11A09AC42985C8E90006767B /* AchievementTableViewCell.swift */,
				11A09AC52985C8E90006767B /* AchievementTableViewCell.xib */,
			);
			path = AchievementCell;
			sourceTree = "<group>";
		};
		11A09ABE2985C88D0006767B /* OwnerCell */ = {
			isa = PBXGroup;
			children = (
				11A09AC82985C9020006767B /* OwnerTableViewCell.swift */,
				11A09AC92985C9020006767B /* OwnerTableViewCell.xib */,
			);
			path = OwnerCell;
			sourceTree = "<group>";
		};
		11A09ABF2985C89D0006767B /* InformationCell */ = {
			isa = PBXGroup;
			children = (
				11A09ACC2985C9150006767B /* InformationTableViewCell.swift */,
				11A09ACD2985C9150006767B /* InformationTableViewCell.xib */,
			);
			path = InformationCell;
			sourceTree = "<group>";
		};
		11BDAD232985E00100ACC21D /* AchievementCollectionViewCell */ = {
			isa = PBXGroup;
			children = (
				11BDAD242985E03400ACC21D /* AchievementCollectionViewCell.swift */,
				11BDAD252985E03400ACC21D /* AchievementCollectionViewCell.xib */,
			);
			path = AchievementCollectionViewCell;
			sourceTree = "<group>";
		};
		11E99CA72989B9A30072D357 /* LoginViewController */ = {
			isa = PBXGroup;
			children = (
				11E99CA82989B9C40072D357 /* LoginViewController.swift */,
				11E99CA92989B9C40072D357 /* LoginViewController.xib */,
			);
			path = LoginViewController;
			sourceTree = "<group>";
		};
		11E99CB2298AD9450072D357 /* RegistrationViewController */ = {
			isa = PBXGroup;
			children = (
				11E99CB3298AD9680072D357 /* RegistrationViewController.swift */,
				11E99CB4298AD9680072D357 /* RegistrationViewController.xib */,
			);
			path = RegistrationViewController;
			sourceTree = "<group>";
		};
		B22B1D052A603CE630A0CA29 /* Frameworks */ = {
			isa = PBXGroup;
			children = (
				A696402DD3F96298B32CFAA6 /* Pods_CoupleAnimal.framework */,
			);
			name = Frameworks;
			sourceTree = "<group>";
		};
		B6DC408A88D5B018705114BC /* Pods */ = {
			isa = PBXGroup;
			children = (
				8C49145377A8B626719ADD2B /* Pods-CoupleAnimal.debug.xcconfig */,
				9851C5B576BE1E7512D8E621 /* Pods-CoupleAnimal.release.xcconfig */,
			);
			path = Pods;
			sourceTree = "<group>";
		};
/* End PBXGroup section */

/* Begin PBXNativeTarget section */
		1194D666297808C0001E51BC /* CoupleAnimal */ = {
			isa = PBXNativeTarget;
			buildConfigurationList = 1194D67B297808C3001E51BC /* Build configuration list for PBXNativeTarget "CoupleAnimal" */;
			buildPhases = (
				8D00D2AA7ACCFABCB9B7A129 /* [CP] Check Pods Manifest.lock */,
				1194D663297808C0001E51BC /* Sources */,
				1194D664297808C0001E51BC /* Frameworks */,
				1194D665297808C0001E51BC /* Resources */,
				AAFE86B2C7F4C6C3754C03C0 /* [CP] Embed Pods Frameworks */,
			);
			buildRules = (
			);
			dependencies = (
			);
			name = CoupleAnimal;
			productName = CoupleAnimal;
			productReference = 1194D667297808C0001E51BC /* CoupleAnimal.app */;
			productType = "com.apple.product-type.application";
		};
/* End PBXNativeTarget section */

/* Begin PBXProject section */
		1194D65F297808C0001E51BC /* Project object */ = {
			isa = PBXProject;
			attributes = {
				BuildIndependentTargetsInParallel = 1;
				LastSwiftUpdateCheck = 1420;
				LastUpgradeCheck = 1420;
				TargetAttributes = {
					1194D666297808C0001E51BC = {
						CreatedOnToolsVersion = 14.2;
					};
				};
			};
			buildConfigurationList = 1194D662297808C0001E51BC /* Build configuration list for PBXProject "CoupleAnimal" */;
			compatibilityVersion = "Xcode 14.0";
			developmentRegion = en;
			hasScannedForEncodings = 0;
			knownRegions = (
				en,
				Base,
			);
			mainGroup = 1194D65E297808C0001E51BC;
			productRefGroup = 1194D668297808C0001E51BC /* Products */;
			projectDirPath = "";
			projectRoot = "";
			targets = (
				1194D666297808C0001E51BC /* CoupleAnimal */,
			);
		};
/* End PBXProject section */

/* Begin PBXResourcesBuildPhase section */
		1194D665297808C0001E51BC /* Resources */ = {
			isa = PBXResourcesBuildPhase;
			buildActionMask = 2147483647;
			files = (
				11A09AC72985C8E90006767B /* AchievementTableViewCell.xib in Resources */,
				1194D69729780C9D001E51BC /* ProfileViewController.xib in Resources */,
				1158158A2990145C0043442F /* WelcomePageViewController.xib in Resources */,
				11BDAD272985E03400ACC21D /* AchievementCollectionViewCell.xib in Resources */,
				11A09ACF2985C9150006767B /* InformationTableViewCell.xib in Resources */,
				1194D677297808C3001E51BC /* LaunchScreen.storyboard in Resources */,
				11E99CB1298AD3610072D357 /* GoogleService-Info.plist in Resources */,
				11A09AC32985C8CD0006767B /* LocationTableViewCell.xib in Resources */,
				1194D68629780C0C001E51BC /* MainViewController.xib in Resources */,
				11E99CAB2989B9C40072D357 /* LoginViewController.xib in Resources */,
				11A09ACB2985C9020006767B /* OwnerTableViewCell.xib in Resources */,
				11E99CB6298AD9680072D357 /* RegistrationViewController.xib in Resources */,
				1194D68B29780C5B001E51BC /* ChatViewController.xib in Resources */,
				1194D674297808C3001E51BC /* Assets.xcassets in Resources */,
			);
			runOnlyForDeploymentPostprocessing = 0;
		};
/* End PBXResourcesBuildPhase section */

/* Begin PBXShellScriptBuildPhase section */
		8D00D2AA7ACCFABCB9B7A129 /* [CP] Check Pods Manifest.lock */ = {
			isa = PBXShellScriptBuildPhase;
			buildActionMask = 2147483647;
			files = (
			);
			inputFileListPaths = (
			);
			inputPaths = (
				"${PODS_PODFILE_DIR_PATH}/Podfile.lock",
				"${PODS_ROOT}/Manifest.lock",
			);
			name = "[CP] Check Pods Manifest.lock";
			outputFileListPaths = (
			);
			outputPaths = (
				"$(DERIVED_FILE_DIR)/Pods-CoupleAnimal-checkManifestLockResult.txt",
			);
			runOnlyForDeploymentPostprocessing = 0;
			shellPath = /bin/sh;
			shellScript = "diff \"${PODS_PODFILE_DIR_PATH}/Podfile.lock\" \"${PODS_ROOT}/Manifest.lock\" > /dev/null\nif [ $? != 0 ] ; then\n    # print error to STDERR\n    echo \"error: The sandbox is not in sync with the Podfile.lock. Run 'pod install' or update your CocoaPods installation.\" >&2\n    exit 1\nfi\n# This output is used by Xcode 'outputs' to avoid re-running this script phase.\necho \"SUCCESS\" > \"${SCRIPT_OUTPUT_FILE_0}\"\n";
			showEnvVarsInLog = 0;
		};
		AAFE86B2C7F4C6C3754C03C0 /* [CP] Embed Pods Frameworks */ = {
			isa = PBXShellScriptBuildPhase;
			buildActionMask = 2147483647;
			files = (
			);
			inputFileListPaths = (
				"${PODS_ROOT}/Target Support Files/Pods-CoupleAnimal/Pods-CoupleAnimal-frameworks-${CONFIGURATION}-input-files.xcfilelist",
			);
			name = "[CP] Embed Pods Frameworks";
			outputFileListPaths = (
				"${PODS_ROOT}/Target Support Files/Pods-CoupleAnimal/Pods-CoupleAnimal-frameworks-${CONFIGURATION}-output-files.xcfilelist",
			);
			runOnlyForDeploymentPostprocessing = 0;
			shellPath = /bin/sh;
			shellScript = "\"${PODS_ROOT}/Target Support Files/Pods-CoupleAnimal/Pods-CoupleAnimal-frameworks.sh\"\n";
			showEnvVarsInLog = 0;
		};
/* End PBXShellScriptBuildPhase section */

/* Begin PBXSourcesBuildPhase section */
		1194D663297808C0001E51BC /* Sources */ = {
			isa = PBXSourcesBuildPhase;
			buildActionMask = 2147483647;
			files = (
				11A09ABA2985C7710006767B /* ProfileInfoEnum.swift in Sources */,
				11A09ACE2985C9150006767B /* InformationTableViewCell.swift in Sources */,
				1194D68529780C0C001E51BC /* MainViewController.swift in Sources */,
				11A09AC22985C8CD0006767B /* LocationTableViewCell.swift in Sources */,
				115815892990145C0043442F /* WelcomePageViewController.swift in Sources */,
				11E99CB5298AD9680072D357 /* RegistrationViewController.swift in Sources */,
				1194D66B297808C0001E51BC /* AppDelegate.swift in Sources */,
				1194D69A29780E50001E51BC /* TabBar.swift in Sources */,
				11A09ACA2985C9020006767B /* OwnerTableViewCell.swift in Sources */,
				1194D68A29780C5B001E51BC /* ChatViewController.swift in Sources */,
				1194D69629780C9D001E51BC /* ProfileViewController.swift in Sources */,
				11A09AC62985C8E90006767B /* AchievementTableViewCell.swift in Sources */,
				11BDAD262985E03400ACC21D /* AchievementCollectionViewCell.swift in Sources */,
				11E99CAA2989B9C40072D357 /* LoginViewController.swift in Sources */,
				1194D66D297808C0001E51BC /* SceneDelegate.swift in Sources */,
			);
			runOnlyForDeploymentPostprocessing = 0;
		};
/* End PBXSourcesBuildPhase section */

/* Begin PBXVariantGroup section */
		1194D675297808C3001E51BC /* LaunchScreen.storyboard */ = {
			isa = PBXVariantGroup;
			children = (
				1194D676297808C3001E51BC /* Base */,
			);
			name = LaunchScreen.storyboard;
			sourceTree = "<group>";
		};
/* End PBXVariantGroup section */

/* Begin XCBuildConfiguration section */
		1194D679297808C3001E51BC /* Debug */ = {
			isa = XCBuildConfiguration;
			buildSettings = {
				ALWAYS_SEARCH_USER_PATHS = NO;
				CLANG_ANALYZER_NONNULL = YES;
				CLANG_ANALYZER_NUMBER_OBJECT_CONVERSION = YES_AGGRESSIVE;
				CLANG_CXX_LANGUAGE_STANDARD = "gnu++20";
				CLANG_ENABLE_MODULES = YES;
				CLANG_ENABLE_OBJC_ARC = YES;
				CLANG_ENABLE_OBJC_WEAK = YES;
				CLANG_WARN_BLOCK_CAPTURE_AUTORELEASING = YES;
				CLANG_WARN_BOOL_CONVERSION = YES;
				CLANG_WARN_COMMA = YES;
				CLANG_WARN_CONSTANT_CONVERSION = YES;
				CLANG_WARN_DEPRECATED_OBJC_IMPLEMENTATIONS = YES;
				CLANG_WARN_DIRECT_OBJC_ISA_USAGE = YES_ERROR;
				CLANG_WARN_DOCUMENTATION_COMMENTS = YES;
				CLANG_WARN_EMPTY_BODY = YES;
				CLANG_WARN_ENUM_CONVERSION = YES;
				CLANG_WARN_INFINITE_RECURSION = YES;
				CLANG_WARN_INT_CONVERSION = YES;
				CLANG_WARN_NON_LITERAL_NULL_CONVERSION = YES;
				CLANG_WARN_OBJC_IMPLICIT_RETAIN_SELF = YES;
				CLANG_WARN_OBJC_LITERAL_CONVERSION = YES;
				CLANG_WARN_OBJC_ROOT_CLASS = YES_ERROR;
				CLANG_WARN_QUOTED_INCLUDE_IN_FRAMEWORK_HEADER = YES;
				CLANG_WARN_RANGE_LOOP_ANALYSIS = YES;
				CLANG_WARN_STRICT_PROTOTYPES = YES;
				CLANG_WARN_SUSPICIOUS_MOVE = YES;
				CLANG_WARN_UNGUARDED_AVAILABILITY = YES_AGGRESSIVE;
				CLANG_WARN_UNREACHABLE_CODE = YES;
				CLANG_WARN__DUPLICATE_METHOD_MATCH = YES;
				COPY_PHASE_STRIP = NO;
				DEBUG_INFORMATION_FORMAT = dwarf;
				ENABLE_STRICT_OBJC_MSGSEND = YES;
				ENABLE_TESTABILITY = YES;
				GCC_C_LANGUAGE_STANDARD = gnu11;
				GCC_DYNAMIC_NO_PIC = NO;
				GCC_NO_COMMON_BLOCKS = YES;
				GCC_OPTIMIZATION_LEVEL = 0;
				GCC_PREPROCESSOR_DEFINITIONS = (
					"DEBUG=1",
					"$(inherited)",
				);
				GCC_WARN_64_TO_32_BIT_CONVERSION = YES;
				GCC_WARN_ABOUT_RETURN_TYPE = YES_ERROR;
				GCC_WARN_UNDECLARED_SELECTOR = YES;
				GCC_WARN_UNINITIALIZED_AUTOS = YES_AGGRESSIVE;
				GCC_WARN_UNUSED_FUNCTION = YES;
				GCC_WARN_UNUSED_VARIABLE = YES;
				IPHONEOS_DEPLOYMENT_TARGET = 16.2;
				MTL_ENABLE_DEBUG_INFO = INCLUDE_SOURCE;
				MTL_FAST_MATH = YES;
				ONLY_ACTIVE_ARCH = YES;
				SDKROOT = iphoneos;
				SWIFT_ACTIVE_COMPILATION_CONDITIONS = DEBUG;
				SWIFT_OPTIMIZATION_LEVEL = "-Onone";
			};
			name = Debug;
		};
		1194D67A297808C3001E51BC /* Release */ = {
			isa = XCBuildConfiguration;
			buildSettings = {
				ALWAYS_SEARCH_USER_PATHS = NO;
				CLANG_ANALYZER_NONNULL = YES;
				CLANG_ANALYZER_NUMBER_OBJECT_CONVERSION = YES_AGGRESSIVE;
				CLANG_CXX_LANGUAGE_STANDARD = "gnu++20";
				CLANG_ENABLE_MODULES = YES;
				CLANG_ENABLE_OBJC_ARC = YES;
				CLANG_ENABLE_OBJC_WEAK = YES;
				CLANG_WARN_BLOCK_CAPTURE_AUTORELEASING = YES;
				CLANG_WARN_BOOL_CONVERSION = YES;
				CLANG_WARN_COMMA = YES;
				CLANG_WARN_CONSTANT_CONVERSION = YES;
				CLANG_WARN_DEPRECATED_OBJC_IMPLEMENTATIONS = YES;
				CLANG_WARN_DIRECT_OBJC_ISA_USAGE = YES_ERROR;
				CLANG_WARN_DOCUMENTATION_COMMENTS = YES;
				CLANG_WARN_EMPTY_BODY = YES;
				CLANG_WARN_ENUM_CONVERSION = YES;
				CLANG_WARN_INFINITE_RECURSION = YES;
				CLANG_WARN_INT_CONVERSION = YES;
				CLANG_WARN_NON_LITERAL_NULL_CONVERSION = YES;
				CLANG_WARN_OBJC_IMPLICIT_RETAIN_SELF = YES;
				CLANG_WARN_OBJC_LITERAL_CONVERSION = YES;
				CLANG_WARN_OBJC_ROOT_CLASS = YES_ERROR;
				CLANG_WARN_QUOTED_INCLUDE_IN_FRAMEWORK_HEADER = YES;
				CLANG_WARN_RANGE_LOOP_ANALYSIS = YES;
				CLANG_WARN_STRICT_PROTOTYPES = YES;
				CLANG_WARN_SUSPICIOUS_MOVE = YES;
				CLANG_WARN_UNGUARDED_AVAILABILITY = YES_AGGRESSIVE;
				CLANG_WARN_UNREACHABLE_CODE = YES;
				CLANG_WARN__DUPLICATE_METHOD_MATCH = YES;
				COPY_PHASE_STRIP = NO;
				DEBUG_INFORMATION_FORMAT = "dwarf-with-dsym";
				ENABLE_NS_ASSERTIONS = NO;
				ENABLE_STRICT_OBJC_MSGSEND = YES;
				GCC_C_LANGUAGE_STANDARD = gnu11;
				GCC_NO_COMMON_BLOCKS = YES;
				GCC_WARN_64_TO_32_BIT_CONVERSION = YES;
				GCC_WARN_ABOUT_RETURN_TYPE = YES_ERROR;
				GCC_WARN_UNDECLARED_SELECTOR = YES;
				GCC_WARN_UNINITIALIZED_AUTOS = YES_AGGRESSIVE;
				GCC_WARN_UNUSED_FUNCTION = YES;
				GCC_WARN_UNUSED_VARIABLE = YES;
				IPHONEOS_DEPLOYMENT_TARGET = 16.2;
				MTL_ENABLE_DEBUG_INFO = NO;
				MTL_FAST_MATH = YES;
				SDKROOT = iphoneos;
				SWIFT_COMPILATION_MODE = wholemodule;
				SWIFT_OPTIMIZATION_LEVEL = "-O";
				VALIDATE_PRODUCT = YES;
			};
			name = Release;
		};
		1194D67C297808C3001E51BC /* Debug */ = {
			isa = XCBuildConfiguration;
			baseConfigurationReference = 8C49145377A8B626719ADD2B /* Pods-CoupleAnimal.debug.xcconfig */;
			buildSettings = {
				ASSETCATALOG_COMPILER_APPICON_NAME = AppIcon;
				ASSETCATALOG_COMPILER_GLOBAL_ACCENT_COLOR_NAME = AccentColor;
				CODE_SIGN_STYLE = Automatic;
				CURRENT_PROJECT_VERSION = 1;
				DEVELOPMENT_TEAM = PZCB5RRY2G;
				GENERATE_INFOPLIST_FILE = YES;
				INFOPLIST_FILE = CoupleAnimal/Info.plist;
				INFOPLIST_KEY_UIApplicationSupportsIndirectInputEvents = YES;
				INFOPLIST_KEY_UILaunchStoryboardName = LaunchScreen;
				INFOPLIST_KEY_UISupportedInterfaceOrientations_iPad = "UIInterfaceOrientationPortrait UIInterfaceOrientationPortraitUpsideDown UIInterfaceOrientationLandscapeLeft UIInterfaceOrientationLandscapeRight";
				INFOPLIST_KEY_UISupportedInterfaceOrientations_iPhone = "UIInterfaceOrientationPortrait UIInterfaceOrientationLandscapeLeft UIInterfaceOrientationLandscapeRight";
				IPHONEOS_DEPLOYMENT_TARGET = 15.5;
				LD_RUNPATH_SEARCH_PATHS = (
					"$(inherited)",
					"@executable_path/Frameworks",
				);
				MARKETING_VERSION = 1.0;
				PRODUCT_BUNDLE_IDENTIFIER = nikita.CoupleAnimal;
				PRODUCT_NAME = "$(TARGET_NAME)";
				SWIFT_EMIT_LOC_STRINGS = YES;
				SWIFT_VERSION = 5.0;
				TARGETED_DEVICE_FAMILY = "1,2";
			};
			name = Debug;
		};
		1194D67D297808C3001E51BC /* Release */ = {
			isa = XCBuildConfiguration;
			baseConfigurationReference = 9851C5B576BE1E7512D8E621 /* Pods-CoupleAnimal.release.xcconfig */;
			buildSettings = {
				ASSETCATALOG_COMPILER_APPICON_NAME = AppIcon;
				ASSETCATALOG_COMPILER_GLOBAL_ACCENT_COLOR_NAME = AccentColor;
				CODE_SIGN_STYLE = Automatic;
				CURRENT_PROJECT_VERSION = 1;
				DEVELOPMENT_TEAM = PZCB5RRY2G;
				GENERATE_INFOPLIST_FILE = YES;
				INFOPLIST_FILE = CoupleAnimal/Info.plist;
				INFOPLIST_KEY_UIApplicationSupportsIndirectInputEvents = YES;
				INFOPLIST_KEY_UILaunchStoryboardName = LaunchScreen;
				INFOPLIST_KEY_UISupportedInterfaceOrientations_iPad = "UIInterfaceOrientationPortrait UIInterfaceOrientationPortraitUpsideDown UIInterfaceOrientationLandscapeLeft UIInterfaceOrientationLandscapeRight";
				INFOPLIST_KEY_UISupportedInterfaceOrientations_iPhone = "UIInterfaceOrientationPortrait UIInterfaceOrientationLandscapeLeft UIInterfaceOrientationLandscapeRight";
				IPHONEOS_DEPLOYMENT_TARGET = 15.5;
				LD_RUNPATH_SEARCH_PATHS = (
					"$(inherited)",
					"@executable_path/Frameworks",
				);
				MARKETING_VERSION = 1.0;
				PRODUCT_BUNDLE_IDENTIFIER = nikita.CoupleAnimal;
				PRODUCT_NAME = "$(TARGET_NAME)";
				SWIFT_EMIT_LOC_STRINGS = YES;
				SWIFT_VERSION = 5.0;
				TARGETED_DEVICE_FAMILY = "1,2";
			};
			name = Release;
		};
/* End XCBuildConfiguration section */

/* Begin XCConfigurationList section */
		1194D662297808C0001E51BC /* Build configuration list for PBXProject "CoupleAnimal" */ = {
			isa = XCConfigurationList;
			buildConfigurations = (
				1194D679297808C3001E51BC /* Debug */,
				1194D67A297808C3001E51BC /* Release */,
			);
			defaultConfigurationIsVisible = 0;
			defaultConfigurationName = Release;
		};
		1194D67B297808C3001E51BC /* Build configuration list for PBXNativeTarget "CoupleAnimal" */ = {
			isa = XCConfigurationList;
			buildConfigurations = (
				1194D67C297808C3001E51BC /* Debug */,
				1194D67D297808C3001E51BC /* Release */,
			);
			defaultConfigurationIsVisible = 0;
			defaultConfigurationName = Release;
		};
/* End XCConfigurationList section */
	};
	rootObject = 1194D65F297808C0001E51BC /* Project object */;
}
