// !$*UTF8*$!
{
	archiveVersion = 1;
	classes = {
	};
	objectVersion = 56;
	objects = {

/* Begin PBXBuildFile section */
		1194D66B297808C0001E51BC /* AppDelegate.swift in Sources */ = {isa = PBXBuildFile; fileRef = 1194D66A297808C0001E51BC /* AppDelegate.swift */; };
		1194D66D297808C0001E51BC /* SceneDelegate.swift in Sources */ = {isa = PBXBuildFile; fileRef = 1194D66C297808C0001E51BC /* SceneDelegate.swift */; };
		1194D674297808C3001E51BC /* Assets.xcassets in Resources */ = {isa = PBXBuildFile; fileRef = 1194D673297808C3001E51BC /* Assets.xcassets */; };
		1194D677297808C3001E51BC /* LaunchScreen.storyboard in Resources */ = {isa = PBXBuildFile; fileRef = 1194D675297808C3001E51BC /* LaunchScreen.storyboard */; };
		1194D68529780C0C001E51BC /* MainViewController.swift in Sources */ = {isa = PBXBuildFile; fileRef = 1194D68329780C0C001E51BC /* MainViewController.swift */; };
		1194D68629780C0C001E51BC /* MainViewController.xib in Resources */ = {isa = PBXBuildFile; fileRef = 1194D68429780C0C001E51BC /* MainViewController.xib */; };
		1194D68A29780C5B001E51BC /* ChatViewController.swift in Sources */ = {isa = PBXBuildFile; fileRef = 1194D68829780C5B001E51BC /* ChatViewController.swift */; };
		1194D68B29780C5B001E51BC /* ChatViewController.xib in Resources */ = {isa = PBXBuildFile; fileRef = 1194D68929780C5B001E51BC /* ChatViewController.xib */; };
		1194D68E29780C6B001E51BC /* FavouriteViewController.swift in Sources */ = {isa = PBXBuildFile; fileRef = 1194D68C29780C6B001E51BC /* FavouriteViewController.swift */; };
		1194D68F29780C6B001E51BC /* FavouriteViewController.xib in Resources */ = {isa = PBXBuildFile; fileRef = 1194D68D29780C6B001E51BC /* FavouriteViewController.xib */; };
		1194D69229780C7A001E51BC /* SearchViewController.swift in Sources */ = {isa = PBXBuildFile; fileRef = 1194D69029780C7A001E51BC /* SearchViewController.swift */; };
		1194D69329780C7A001E51BC /* SearchViewController.xib in Resources */ = {isa = PBXBuildFile; fileRef = 1194D69129780C7A001E51BC /* SearchViewController.xib */; };
		1194D69629780C9D001E51BC /* ProfileViewController.swift in Sources */ = {isa = PBXBuildFile; fileRef = 1194D69429780C9D001E51BC /* ProfileViewController.swift */; };
		1194D69729780C9D001E51BC /* ProfileViewController.xib in Resources */ = {isa = PBXBuildFile; fileRef = 1194D69529780C9D001E51BC /* ProfileViewController.xib */; };
		1194D69A29780E50001E51BC /* TabBar.swift in Sources */ = {isa = PBXBuildFile; fileRef = 1194D69929780E50001E51BC /* TabBar.swift */; };
/* End PBXBuildFile section */

/* Begin PBXFileReference section */
		1194D667297808C0001E51BC /* CoupleAnimal.app */ = {isa = PBXFileReference; explicitFileType = wrapper.application; includeInIndex = 0; path = CoupleAnimal.app; sourceTree = BUILT_PRODUCTS_DIR; };
		1194D66A297808C0001E51BC /* AppDelegate.swift */ = {isa = PBXFileReference; lastKnownFileType = sourcecode.swift; path = AppDelegate.swift; sourceTree = "<group>"; };
		1194D66C297808C0001E51BC /* SceneDelegate.swift */ = {isa = PBXFileReference; lastKnownFileType = sourcecode.swift; path = SceneDelegate.swift; sourceTree = "<group>"; };
		1194D673297808C3001E51BC /* Assets.xcassets */ = {isa = PBXFileReference; lastKnownFileType = folder.assetcatalog; path = Assets.xcassets; sourceTree = "<group>"; };
		1194D676297808C3001E51BC /* Base */ = {isa = PBXFileReference; lastKnownFileType = file.storyboard; name = Base; path = Base.lproj/LaunchScreen.storyboard; sourceTree = "<group>"; };
		1194D678297808C3001E51BC /* Info.plist */ = {isa = PBXFileReference; lastKnownFileType = text.plist.xml; path = Info.plist; sourceTree = "<group>"; };
		1194D68329780C0C001E51BC /* MainViewController.swift */ = {isa = PBXFileReference; lastKnownFileType = sourcecode.swift; path = MainViewController.swift; sourceTree = "<group>"; };
		1194D68429780C0C001E51BC /* MainViewController.xib */ = {isa = PBXFileReference; lastKnownFileType = file.xib; path = MainViewController.xib; sourceTree = "<group>"; };
		1194D68829780C5B001E51BC /* ChatViewController.swift */ = {isa = PBXFileReference; lastKnownFileType = sourcecode.swift; path = ChatViewController.swift; sourceTree = "<group>"; };
		1194D68929780C5B001E51BC /* ChatViewController.xib */ = {isa = PBXFileReference; lastKnownFileType = file.xib; path = ChatViewController.xib; sourceTree = "<group>"; };
		1194D68C29780C6B001E51BC /* FavouriteViewController.swift */ = {isa = PBXFileReference; lastKnownFileType = sourcecode.swift; path = FavouriteViewController.swift; sourceTree = "<group>"; };
		1194D68D29780C6B001E51BC /* FavouriteViewController.xib */ = {isa = PBXFileReference; lastKnownFileType = file.xib; path = FavouriteViewController.xib; sourceTree = "<group>"; };
		1194D69029780C7A001E51BC /* SearchViewController.swift */ = {isa = PBXFileReference; lastKnownFileType = sourcecode.swift; path = SearchViewController.swift; sourceTree = "<group>"; };
		1194D69129780C7A001E51BC /* SearchViewController.xib */ = {isa = PBXFileReference; lastKnownFileType = file.xib; path = SearchViewController.xib; sourceTree = "<group>"; };
		1194D69429780C9D001E51BC /* ProfileViewController.swift */ = {isa = PBXFileReference; lastKnownFileType = sourcecode.swift; path = ProfileViewController.swift; sourceTree = "<group>"; };
		1194D69529780C9D001E51BC /* ProfileViewController.xib */ = {isa = PBXFileReference; lastKnownFileType = file.xib; path = ProfileViewController.xib; sourceTree = "<group>"; };
		1194D69929780E50001E51BC /* TabBar.swift */ = {isa = PBXFileReference; lastKnownFileType = sourcecode.swift; path = TabBar.swift; sourceTree = "<group>"; };
/* End PBXFileReference section */

/* Begin PBXFrameworksBuildPhase section */
		1194D664297808C0001E51BC /* Frameworks */ = {
			isa = PBXFrameworksBuildPhase;
			buildActionMask = 2147483647;
			files = (
			);
			runOnlyForDeploymentPostprocessing = 0;
		};
/* End PBXFrameworksBuildPhase section */

/* Begin PBXGroup section */
		1194D65E297808C0001E51BC = {
			isa = PBXGroup;
			children = (
				1194D669297808C0001E51BC /* CoupleAnimal */,
				1194D668297808C0001E51BC /* Products */,
			);
			sourceTree = "<group>";
		};
		1194D668297808C0001E51BC /* Products */ = {
			isa = PBXGroup;
			children = (
				1194D667297808C0001E51BC /* CoupleAnimal.app */,
			);
			name = Products;
			sourceTree = "<group>";
		};
		1194D669297808C0001E51BC /* CoupleAnimal */ = {
			isa = PBXGroup;
			children = (
				1194D69829780E37001E51BC /* TabBarController */,
				1194D68729780C3E001E51BC /* Controllers */,
				1194D66A297808C0001E51BC /* AppDelegate.swift */,
				1194D66C297808C0001E51BC /* SceneDelegate.swift */,
				1194D673297808C3001E51BC /* Assets.xcassets */,
				1194D675297808C3001E51BC /* LaunchScreen.storyboard */,
				1194D678297808C3001E51BC /* Info.plist */,
			);
			path = CoupleAnimal;
			sourceTree = "<group>";
		};
		1194D67E29780B4E001E51BC /* ProfileViewController */ = {
			isa = PBXGroup;
			children = (
				1194D69429780C9D001E51BC /* ProfileViewController.swift */,
				1194D69529780C9D001E51BC /* ProfileViewController.xib */,
			);
			path = ProfileViewController;
			sourceTree = "<group>";
		};
		1194D67F29780B6D001E51BC /* SearchViewController */ = {
			isa = PBXGroup;
			children = (
				1194D69029780C7A001E51BC /* SearchViewController.swift */,
				1194D69129780C7A001E51BC /* SearchViewController.xib */,
			);
			path = SearchViewController;
			sourceTree = "<group>";
		};
		1194D68029780B93001E51BC /* FavouriteViewController */ = {
			isa = PBXGroup;
			children = (
				1194D68C29780C6B001E51BC /* FavouriteViewController.swift */,
				1194D68D29780C6B001E51BC /* FavouriteViewController.xib */,
			);
			path = FavouriteViewController;
			sourceTree = "<group>";
		};
		1194D68129780BA8001E51BC /* ChatViewController */ = {
			isa = PBXGroup;
			children = (
				1194D68829780C5B001E51BC /* ChatViewController.swift */,
				1194D68929780C5B001E51BC /* ChatViewController.xib */,
			);
			path = ChatViewController;
			sourceTree = "<group>";
		};
		1194D68229780BB9001E51BC /* MainViewController */ = {
			isa = PBXGroup;
			children = (
				1194D68329780C0C001E51BC /* MainViewController.swift */,
				1194D68429780C0C001E51BC /* MainViewController.xib */,
			);
			path = MainViewController;
			sourceTree = "<group>";
		};
		1194D68729780C3E001E51BC /* Controllers */ = {
			isa = PBXGroup;
			children = (
				1194D67E29780B4E001E51BC /* ProfileViewController */,
				1194D67F29780B6D001E51BC /* SearchViewController */,
				1194D68029780B93001E51BC /* FavouriteViewController */,
				1194D68129780BA8001E51BC /* ChatViewController */,
				1194D68229780BB9001E51BC /* MainViewController */,
			);
			path = Controllers;
			sourceTree = "<group>";
		};
		1194D69829780E37001E51BC /* TabBarController */ = {
			isa = PBXGroup;
			children = (
				1194D69929780E50001E51BC /* TabBar.swift */,
			);
			path = TabBarController;
			sourceTree = "<group>";
		};
/* End PBXGroup section */

/* Begin PBXNativeTarget section */
		1194D666297808C0001E51BC /* CoupleAnimal */ = {
			isa = PBXNativeTarget;
			buildConfigurationList = 1194D67B297808C3001E51BC /* Build configuration list for PBXNativeTarget "CoupleAnimal" */;
			buildPhases = (
				1194D663297808C0001E51BC /* Sources */,
				1194D664297808C0001E51BC /* Frameworks */,
				1194D665297808C0001E51BC /* Resources */,
			);
			buildRules = (
			);
			dependencies = (
			);
			name = CoupleAnimal;
			productName = CoupleAnimal;
			productReference = 1194D667297808C0001E51BC /* CoupleAnimal.app */;
			productType = "com.apple.product-type.application";
		};
/* End PBXNativeTarget section */

/* Begin PBXProject section */
		1194D65F297808C0001E51BC /* Project object */ = {
			isa = PBXProject;
			attributes = {
				BuildIndependentTargetsInParallel = 1;
				LastSwiftUpdateCheck = 1420;
				LastUpgradeCheck = 1420;
				TargetAttributes = {
					1194D666297808C0001E51BC = {
						CreatedOnToolsVersion = 14.2;
					};
				};
			};
			buildConfigurationList = 1194D662297808C0001E51BC /* Build configuration list for PBXProject "CoupleAnimal" */;
			compatibilityVersion = "Xcode 14.0";
			developmentRegion = en;
			hasScannedForEncodings = 0;
			knownRegions = (
				en,
				Base,
			);
			mainGroup = 1194D65E297808C0001E51BC;
			productRefGroup = 1194D668297808C0001E51BC /* Products */;
			projectDirPath = "";
			projectRoot = "";
			targets = (
				1194D666297808C0001E51BC /* CoupleAnimal */,
			);
		};
/* End PBXProject section */

/* Begin PBXResourcesBuildPhase section */
		1194D665297808C0001E51BC /* Resources */ = {
			isa = PBXResourcesBuildPhase;
			buildActionMask = 2147483647;
			files = (
				1194D69729780C9D001E51BC /* ProfileViewController.xib in Resources */,
				1194D677297808C3001E51BC /* LaunchScreen.storyboard in Resources */,
				1194D68629780C0C001E51BC /* MainViewController.xib in Resources */,
				1194D69329780C7A001E51BC /* SearchViewController.xib in Resources */,
				1194D68B29780C5B001E51BC /* ChatViewController.xib in Resources */,
				1194D674297808C3001E51BC /* Assets.xcassets in Resources */,
				1194D68F29780C6B001E51BC /* FavouriteViewController.xib in Resources */,
			);
			runOnlyForDeploymentPostprocessing = 0;
		};
/* End PBXResourcesBuildPhase section */

/* Begin PBXSourcesBuildPhase section */
		1194D663297808C0001E51BC /* Sources */ = {
			isa = PBXSourcesBuildPhase;
			buildActionMask = 2147483647;
			files = (
				1194D69229780C7A001E51BC /* SearchViewController.swift in Sources */,
				1194D68529780C0C001E51BC /* MainViewController.swift in Sources */,
				1194D66B297808C0001E51BC /* AppDelegate.swift in Sources */,
				1194D69A29780E50001E51BC /* TabBar.swift in Sources */,
				1194D68A29780C5B001E51BC /* ChatViewController.swift in Sources */,
				1194D69629780C9D001E51BC /* ProfileViewController.swift in Sources */,
				1194D68E29780C6B001E51BC /* FavouriteViewController.swift in Sources */,
				1194D66D297808C0001E51BC /* SceneDelegate.swift in Sources */,
			);
			runOnlyForDeploymentPostprocessing = 0;
		};
/* End PBXSourcesBuildPhase section */

/* Begin PBXVariantGroup section */
		1194D675297808C3001E51BC /* LaunchScreen.storyboard */ = {
			isa = PBXVariantGroup;
			children = (
				1194D676297808C3001E51BC /* Base */,
			);
			name = LaunchScreen.storyboard;
			sourceTree = "<group>";
		};
/* End PBXVariantGroup section */

/* Begin XCBuildConfiguration section */
		1194D679297808C3001E51BC /* Debug */ = {
			isa = XCBuildConfiguration;
			buildSettings = {
				ALWAYS_SEARCH_USER_PATHS = NO;
				CLANG_ANALYZER_NONNULL = YES;
				CLANG_ANALYZER_NUMBER_OBJECT_CONVERSION = YES_AGGRESSIVE;
				CLANG_CXX_LANGUAGE_STANDARD = "gnu++20";
				CLANG_ENABLE_MODULES = YES;
				CLANG_ENABLE_OBJC_ARC = YES;
				CLANG_ENABLE_OBJC_WEAK = YES;
				CLANG_WARN_BLOCK_CAPTURE_AUTORELEASING = YES;
				CLANG_WARN_BOOL_CONVERSION = YES;
				CLANG_WARN_COMMA = YES;
				CLANG_WARN_CONSTANT_CONVERSION = YES;
				CLANG_WARN_DEPRECATED_OBJC_IMPLEMENTATIONS = YES;
				CLANG_WARN_DIRECT_OBJC_ISA_USAGE = YES_ERROR;
				CLANG_WARN_DOCUMENTATION_COMMENTS = YES;
				CLANG_WARN_EMPTY_BODY = YES;
				CLANG_WARN_ENUM_CONVERSION = YES;
				CLANG_WARN_INFINITE_RECURSION = YES;
				CLANG_WARN_INT_CONVERSION = YES;
				CLANG_WARN_NON_LITERAL_NULL_CONVERSION = YES;
				CLANG_WARN_OBJC_IMPLICIT_RETAIN_SELF = YES;
				CLANG_WARN_OBJC_LITERAL_CONVERSION = YES;
				CLANG_WARN_OBJC_ROOT_CLASS = YES_ERROR;
				CLANG_WARN_QUOTED_INCLUDE_IN_FRAMEWORK_HEADER = YES;
				CLANG_WARN_RANGE_LOOP_ANALYSIS = YES;
				CLANG_WARN_STRICT_PROTOTYPES = YES;
				CLANG_WARN_SUSPICIOUS_MOVE = YES;
				CLANG_WARN_UNGUARDED_AVAILABILITY = YES_AGGRESSIVE;
				CLANG_WARN_UNREACHABLE_CODE = YES;
				CLANG_WARN__DUPLICATE_METHOD_MATCH = YES;
				COPY_PHASE_STRIP = NO;
				DEBUG_INFORMATION_FORMAT = dwarf;
				ENABLE_STRICT_OBJC_MSGSEND = YES;
				ENABLE_TESTABILITY = YES;
				GCC_C_LANGUAGE_STANDARD = gnu11;
				GCC_DYNAMIC_NO_PIC = NO;
				GCC_NO_COMMON_BLOCKS = YES;
				GCC_OPTIMIZATION_LEVEL = 0;
				GCC_PREPROCESSOR_DEFINITIONS = (
					"DEBUG=1",
					"$(inherited)",
				);
				GCC_WARN_64_TO_32_BIT_CONVERSION = YES;
				GCC_WARN_ABOUT_RETURN_TYPE = YES_ERROR;
				GCC_WARN_UNDECLARED_SELECTOR = YES;
				GCC_WARN_UNINITIALIZED_AUTOS = YES_AGGRESSIVE;
				GCC_WARN_UNUSED_FUNCTION = YES;
				GCC_WARN_UNUSED_VARIABLE = YES;
				IPHONEOS_DEPLOYMENT_TARGET = 16.2;
				MTL_ENABLE_DEBUG_INFO = INCLUDE_SOURCE;
				MTL_FAST_MATH = YES;
				ONLY_ACTIVE_ARCH = YES;
				SDKROOT = iphoneos;
				SWIFT_ACTIVE_COMPILATION_CONDITIONS = DEBUG;
				SWIFT_OPTIMIZATION_LEVEL = "-Onone";
			};
			name = Debug;
		};
		1194D67A297808C3001E51BC /* Release */ = {
			isa = XCBuildConfiguration;
			buildSettings = {
				ALWAYS_SEARCH_USER_PATHS = NO;
				CLANG_ANALYZER_NONNULL = YES;
				CLANG_ANALYZER_NUMBER_OBJECT_CONVERSION = YES_AGGRESSIVE;
				CLANG_CXX_LANGUAGE_STANDARD = "gnu++20";
				CLANG_ENABLE_MODULES = YES;
				CLANG_ENABLE_OBJC_ARC = YES;
				CLANG_ENABLE_OBJC_WEAK = YES;
				CLANG_WARN_BLOCK_CAPTURE_AUTORELEASING = YES;
				CLANG_WARN_BOOL_CONVERSION = YES;
				CLANG_WARN_COMMA = YES;
				CLANG_WARN_CONSTANT_CONVERSION = YES;
				CLANG_WARN_DEPRECATED_OBJC_IMPLEMENTATIONS = YES;
				CLANG_WARN_DIRECT_OBJC_ISA_USAGE = YES_ERROR;
				CLANG_WARN_DOCUMENTATION_COMMENTS = YES;
				CLANG_WARN_EMPTY_BODY = YES;
				CLANG_WARN_ENUM_CONVERSION = YES;
				CLANG_WARN_INFINITE_RECURSION = YES;
				CLANG_WARN_INT_CONVERSION = YES;
				CLANG_WARN_NON_LITERAL_NULL_CONVERSION = YES;
				CLANG_WARN_OBJC_IMPLICIT_RETAIN_SELF = YES;
				CLANG_WARN_OBJC_LITERAL_CONVERSION = YES;
				CLANG_WARN_OBJC_ROOT_CLASS = YES_ERROR;
				CLANG_WARN_QUOTED_INCLUDE_IN_FRAMEWORK_HEADER = YES;
				CLANG_WARN_RANGE_LOOP_ANALYSIS = YES;
				CLANG_WARN_STRICT_PROTOTYPES = YES;
				CLANG_WARN_SUSPICIOUS_MOVE = YES;
				CLANG_WARN_UNGUARDED_AVAILABILITY = YES_AGGRESSIVE;
				CLANG_WARN_UNREACHABLE_CODE = YES;
				CLANG_WARN__DUPLICATE_METHOD_MATCH = YES;
				COPY_PHASE_STRIP = NO;
				DEBUG_INFORMATION_FORMAT = "dwarf-with-dsym";
				ENABLE_NS_ASSERTIONS = NO;
				ENABLE_STRICT_OBJC_MSGSEND = YES;
				GCC_C_LANGUAGE_STANDARD = gnu11;
				GCC_NO_COMMON_BLOCKS = YES;
				GCC_WARN_64_TO_32_BIT_CONVERSION = YES;
				GCC_WARN_ABOUT_RETURN_TYPE = YES_ERROR;
				GCC_WARN_UNDECLARED_SELECTOR = YES;
				GCC_WARN_UNINITIALIZED_AUTOS = YES_AGGRESSIVE;
				GCC_WARN_UNUSED_FUNCTION = YES;
				GCC_WARN_UNUSED_VARIABLE = YES;
				IPHONEOS_DEPLOYMENT_TARGET = 16.2;
				MTL_ENABLE_DEBUG_INFO = NO;
				MTL_FAST_MATH = YES;
				SDKROOT = iphoneos;
				SWIFT_COMPILATION_MODE = wholemodule;
				SWIFT_OPTIMIZATION_LEVEL = "-O";
				VALIDATE_PRODUCT = YES;
			};
			name = Release;
		};
		1194D67C297808C3001E51BC /* Debug */ = {
			isa = XCBuildConfiguration;
			buildSettings = {
				ASSETCATALOG_COMPILER_APPICON_NAME = AppIcon;
				ASSETCATALOG_COMPILER_GLOBAL_ACCENT_COLOR_NAME = AccentColor;
				CODE_SIGN_STYLE = Automatic;
				CURRENT_PROJECT_VERSION = 1;
				DEVELOPMENT_TEAM = PZCB5RRY2G;
				GENERATE_INFOPLIST_FILE = YES;
				INFOPLIST_FILE = CoupleAnimal/Info.plist;
				INFOPLIST_KEY_UIApplicationSupportsIndirectInputEvents = YES;
				INFOPLIST_KEY_UILaunchStoryboardName = LaunchScreen;
				INFOPLIST_KEY_UISupportedInterfaceOrientations_iPad = "UIInterfaceOrientationPortrait UIInterfaceOrientationPortraitUpsideDown UIInterfaceOrientationLandscapeLeft UIInterfaceOrientationLandscapeRight";
				INFOPLIST_KEY_UISupportedInterfaceOrientations_iPhone = "UIInterfaceOrientationPortrait UIInterfaceOrientationLandscapeLeft UIInterfaceOrientationLandscapeRight";
				IPHONEOS_DEPLOYMENT_TARGET = 15.5;
				LD_RUNPATH_SEARCH_PATHS = (
					"$(inherited)",
					"@executable_path/Frameworks",
				);
				MARKETING_VERSION = 1.0;
				PRODUCT_BUNDLE_IDENTIFIER = nikita.CoupleAnimal;
				PRODUCT_NAME = "$(TARGET_NAME)";
				SWIFT_EMIT_LOC_STRINGS = YES;
				SWIFT_VERSION = 5.0;
				TARGETED_DEVICE_FAMILY = "1,2";
			};
			name = Debug;
		};
		1194D67D297808C3001E51BC /* Release */ = {
			isa = XCBuildConfiguration;
			buildSettings = {
				ASSETCATALOG_COMPILER_APPICON_NAME = AppIcon;
				ASSETCATALOG_COMPILER_GLOBAL_ACCENT_COLOR_NAME = AccentColor;
				CODE_SIGN_STYLE = Automatic;
				CURRENT_PROJECT_VERSION = 1;
				DEVELOPMENT_TEAM = PZCB5RRY2G;
				GENERATE_INFOPLIST_FILE = YES;
				INFOPLIST_FILE = CoupleAnimal/Info.plist;
				INFOPLIST_KEY_UIApplicationSupportsIndirectInputEvents = YES;
				INFOPLIST_KEY_UILaunchStoryboardName = LaunchScreen;
				INFOPLIST_KEY_UISupportedInterfaceOrientations_iPad = "UIInterfaceOrientationPortrait UIInterfaceOrientationPortraitUpsideDown UIInterfaceOrientationLandscapeLeft UIInterfaceOrientationLandscapeRight";
				INFOPLIST_KEY_UISupportedInterfaceOrientations_iPhone = "UIInterfaceOrientationPortrait UIInterfaceOrientationLandscapeLeft UIInterfaceOrientationLandscapeRight";
				IPHONEOS_DEPLOYMENT_TARGET = 15.5;
				LD_RUNPATH_SEARCH_PATHS = (
					"$(inherited)",
					"@executable_path/Frameworks",
				);
				MARKETING_VERSION = 1.0;
				PRODUCT_BUNDLE_IDENTIFIER = nikita.CoupleAnimal;
				PRODUCT_NAME = "$(TARGET_NAME)";
				SWIFT_EMIT_LOC_STRINGS = YES;
				SWIFT_VERSION = 5.0;
				TARGETED_DEVICE_FAMILY = "1,2";
			};
			name = Release;
		};
/* End XCBuildConfiguration section */

/* Begin XCConfigurationList section */
		1194D662297808C0001E51BC /* Build configuration list for PBXProject "CoupleAnimal" */ = {
			isa = XCConfigurationList;
			buildConfigurations = (
				1194D679297808C3001E51BC /* Debug */,
				1194D67A297808C3001E51BC /* Release */,
			);
			defaultConfigurationIsVisible = 0;
			defaultConfigurationName = Release;
		};
		1194D67B297808C3001E51BC /* Build configuration list for PBXNativeTarget "CoupleAnimal" */ = {
			isa = XCConfigurationList;
			buildConfigurations = (
				1194D67C297808C3001E51BC /* Debug */,
				1194D67D297808C3001E51BC /* Release */,
			);
			defaultConfigurationIsVisible = 0;
			defaultConfigurationName = Release;
		};
/* End XCConfigurationList section */
	};
	rootObject = 1194D65F297808C0001E51BC /* Project object */;
}
